{
  "nodes": {
    "micropython-lib-src": {
      "flake": false,
      "locked": {
        "lastModified": 1658850564,
        "narHash": "sha256-lnYT2GzQRgTxIhxbAKGGUmmEHEz7sJRki3OgNaJIoQY=",
        "owner": "davhau",
        "repo": "micropython-lib",
        "rev": "b1c84bbcd9d61c793e509bfa838be81fa568fb81",
        "type": "github"
      },
      "original": {
        "owner": "micropython",
        "repo": "micropython-lib",
        "type": "github"
      }
    },
    "nixpkgs": {
      "locked": {
        "lastModified": 1658557357,
        "narHash": "sha256-0gqNef6skYQKJSS2vLojxrXOrc72zoX5VTDKUqEo6Gk=",
        "owner": "NixOS",
        "repo": "nixpkgs",
        "rev": "42ca9bef09e780eabe84328dd1b730cef978f098",
        "type": "github"
      },
      "original": {
        "id": "nixpkgs",
        "ref": "nixos-unstable",
        "type": "indirect"
      }
    },
    "root": {
      "inputs": {
        "micropython-lib-src": "micropython-lib-src",
        "nixpkgs": "nixpkgs"
      }
    }
  },
  "root": "root",
  "version": 7
}
