{
  "nodes": {
    "bin-micropython": {
      "flake": false,
      "locked": {
        "lastModified": 1658926728,
        "narHash": "sha256-ScRvX16+pU0wGHHd54dupFvCs1U6dwIeetPBulpRqVU=",
        "owner": "davhau",
        "repo": "nix-bootstrap-binaries",
        "rev": "58e59ddd08cb6e3f609541d64efd0dd28cbb34d2",
        "type": "github"
      },
      "original": {
        "owner": "davhau",
        "ref": "micropython",
        "repo": "nix-bootstrap-binaries",
        "type": "github"
      }
    },
    "bin-python": {
      "flake": false,
      "locked": {
        "lastModified": 1660552466,
        "narHash": "sha256-v/fYaGXnBSV+d+7xQFEtbaKiV2rTj/iF8ySgtgTB2zk=",
        "owner": "davhau",
        "repo": "nix-bootstrap-binaries",
        "rev": "6727b653cd28545aa0cd142981ddd71aea4f7f57",
        "type": "github"
      },
      "original": {
        "owner": "davhau",
        "ref": "python",
        "repo": "nix-bootstrap-binaries",
        "type": "github"
      }
    },
    "nixpkgs-raw": {
      "flake": false,
      "locked": {
        "lastModified": 1658737577,
        "narHash": "sha256-xosJ5nJT9HX+b6UWsSX6R+ap4AdZOCrl/r+IKFp2ASQ=",
        "owner": "NixOS",
        "repo": "nixpkgs",
        "rev": "5a0e0d73b944157328d54c4ded1cf2f0146a86a5",
        "type": "github"
      },
      "original": {
        "id": "nixpkgs",
        "ref": "nixos-unstable",
        "type": "indirect"
      }
    },
    "root": {
      "inputs": {
        "bin-micropython": "bin-micropython",
        "bin-python": "bin-python",
        "nixpkgs-raw": "nixpkgs-raw"
      }
    }
  },
  "root": "root",
  "version": 7
}
